{
  "lockfileVersion": 2,
  "configVersion": 1,
  "workspaces": {
    "": {
      "name": "omp-project-tools",
      "dependencies": {
        "@napi-rs/canvas": "^1.0.8",
        "kitty-vt-wasm": "^0.2.0",
      },
    },
  },
  "packages": {
    "@napi-rs/canvas": ["@napi-rs/canvas@1.0.8", "", { "optionalDependencies": { "@napi-rs/canvas-android-arm64": "1.0.8", "@napi-rs/canvas-darwin-arm64": "1.0.8", "@napi-rs/canvas-darwin-x64": "1.0.8", "@napi-rs/canvas-linux-arm-gnueabihf": "1.0.8", "@napi-rs/canvas-linux-arm64-gnu": "1.0.8", "@napi-rs/canvas-linux-arm64-musl": "1.0.8", "@napi-rs/canvas-linux-riscv64-gnu": "1.0.8", "@napi-rs/canvas-linux-x64-gnu": "1.0.8", "@napi-rs/canvas-linux-x64-musl": "1.0.8", "@napi-rs/canvas-win32-arm64-msvc": "1.0.8", "@napi-rs/canvas-win32-x64-msvc": "1.0.8" } }, "sha512-/SaLcvlqGWdm0HSCWMgHu7cjJiQXfP8/mOY+6dUyV9flQz7sPBBZ+ed2zYtoukojPmxOaL7bm+d/G4GeWWoN7g=="],

    "@napi-rs/canvas-android-arm64": ["@napi-rs/canvas-android-arm64@1.0.8", "", { "os": "android", "cpu": "arm64" }, "sha512-5+nkh8i3gt6lqS/d2jTZ1xAn6tdgtB4Lf1mW6T0Qm5/rXNwBuV1sAEyLEWan5o9gJPU/GuvHR3rvSeZ+FaGrbw=="],

    "@napi-rs/canvas-darwin-arm64": ["@napi-rs/canvas-darwin-arm64@1.0.8", "", { "os": "darwin", "cpu": "arm64" }, "sha512-7jQ47gi+fZ7KJmfc/5rNyy1CYw/cu4kZ0KPIYbo9UUgSdW0bKQJpt+WihEor6s4Lyp7+xc3a+3HeyXmAEbbnPg=="],

    "@napi-rs/canvas-darwin-x64": ["@napi-rs/canvas-darwin-x64@1.0.8", "", { "os": "darwin", "cpu": "x64" }, "sha512-rRjDMZs9pIRKGxgijwezplKc1RnJsqUokrA9h88bbTkqQ+7ePj0ZN4ZnZDy8Vu0tXs7KRlI2tQLaK4mx9QlxHg=="],

    "@napi-rs/canvas-linux-arm-gnueabihf": ["@napi-rs/canvas-linux-arm-gnueabihf@1.0.8", "", { "os": "linux", "cpu": "arm" }, "sha512-jGcCd+8ra6Q61xKqZeiItujTpp9a9eRLcQ0jW6qYNku+WpupqOPFPY0SrsuSnXFviJwkpKYT9p7QrB4lsf3LNQ=="],

    "@napi-rs/canvas-linux-arm64-gnu": ["@napi-rs/canvas-linux-arm64-gnu@1.0.8", "", { "os": "linux", "cpu": "arm64" }, "sha512-od6I2Y7kU7i1SwZYG2EKW8rWz6JiedtPpko4WEe1DDsiikrfaotVBCRaUTM5/yeZKaZ92EatoAS+5xG+6uJlYA=="],

    "@napi-rs/canvas-linux-arm64-musl": ["@napi-rs/canvas-linux-arm64-musl@1.0.8", "", { "os": "linux", "cpu": "arm64" }, "sha512-yYkPbJDJiWj6N0gASA3CAvRypZmVpJnxU0DQg3aBhneLDQde9TPLKADsQkobNoJUtTT/lj46aWpzT48PDb3Qcg=="],

    "@napi-rs/canvas-linux-riscv64-gnu": ["@napi-rs/canvas-linux-riscv64-gnu@1.0.8", "", { "os": "linux", "cpu": "none" }, "sha512-PB00MSKAp4VwK/xwe6duKxRKmH8UH4GIl1pqHSbxng0jnU9Dr7FwaDypDiqwNFZ774N+8G7mJLGuLtg9NTcQsg=="],

    "@napi-rs/canvas-linux-x64-gnu": ["@napi-rs/canvas-linux-x64-gnu@1.0.8", "", { "os": "linux", "cpu": "x64" }, "sha512-TWM2XWJoitLiIPCvgJh7SriC+L/T9qkYCVzC66AidsZy0QP1hkKzBzVwshCdcA3q6fIn3yE0ISbq4lMJSy8jFw=="],

    "@napi-rs/canvas-linux-x64-musl": ["@napi-rs/canvas-linux-x64-musl@1.0.8", "", { "os": "linux", "cpu": "x64" }, "sha512-hb20MxKXXb5IB7AAwN8UHz9WRsa2HmdZfjsDCzjElwJoeV1aotVEwFU4FrFQcYQVzsJQLeaCc/2Qdt/0Q72mMg=="],

    "@napi-rs/canvas-win32-arm64-msvc": ["@napi-rs/canvas-win32-arm64-msvc@1.0.8", "", { "os": "win32", "cpu": "arm64" }, "sha512-WwPN08IXE4SkL+FhJyPz/iFnycMAUkbphFIT4cmKLlvbSU0Zfn1R7BGJ3Hqky1S89QUYc0Q4IOScXb/42Re9wQ=="],

    "@napi-rs/canvas-win32-x64-msvc": ["@napi-rs/canvas-win32-x64-msvc@1.0.8", "", { "os": "win32", "cpu": "x64" }, "sha512-XkrVqKb+pxyba7kjy2LJvABFVBTE0DNpEl7MrG4OYUmaWarrXH+t54z/Czj2YxCKtizYTV4mg6phNm3x24qjhQ=="],

    "kitty-vt-wasm": ["kitty-vt-wasm@0.2.0", "", {}, "sha512-RJNzy9r5ql8CKkocjkg0FKC1MZoWM0R8leb2VB5hsgrP/4HHlumeODHriOw4Jk2dDsCOmPxWuwFQyqDiy0m8Kw=="],
  }
}
